// !$*UTF8*$!
{
	archiveVersion = 1;
	classes = {
	};
	objectVersion = 50;
	objects = {

/* Begin PBXBuildFile section */
		7D0342DC20F4B5AD0050B6A6 /* AppDelegate.swift in Sources */ = {isa = PBXBuildFile; fileRef = 7D0342DB20F4B5AD0050B6A6 /* AppDelegate.swift */; };
		7D0342DE20F4B5AD0050B6A6 /* ViewController.swift in Sources */ = {isa = PBXBuildFile; fileRef = 7D0342DD20F4B5AD0050B6A6 /* ViewController.swift */; };
		7D0342E120F4B5AD0050B6A6 /* Main.storyboard in Resources */ = {isa = PBXBuildFile; fileRef = 7D0342DF20F4B5AD0050B6A6 /* Main.storyboard */; };
		7D0342E320F4B5AF0050B6A6 /* Assets.xcassets in Resources */ = {isa = PBXBuildFile; fileRef = 7D0342E220F4B5AF0050B6A6 /* Assets.xcassets */; };
		7D0342E620F4B5AF0050B6A6 /* LaunchScreen.storyboard in Resources */ = {isa = PBXBuildFile; fileRef = 7D0342E420F4B5AF0050B6A6 /* LaunchScreen.storyboard */; };
		7D03430220F4BA6C0050B6A6 /* SubProjectTests.swift in Sources */ = {isa = PBXBuildFile; fileRef = 7D03430120F4BA6C0050B6A6 /* SubProjectTests.swift */; };
		7D03432820F4BBBC0050B6A6 /* Interface.storyboard in Resources */ = {isa = PBXBuildFile; fileRef = 7D03432620F4BBBC0050B6A6 /* Interface.storyboard */; };
		7D03432A20F4BBBD0050B6A6 /* Assets.xcassets in Resources */ = {isa = PBXBuildFile; fileRef = 7D03432920F4BBBD0050B6A6 /* Assets.xcassets */; };
		7D03433120F4BBBD0050B6A6 /* WatchKitApp Extension.appex in Embed App Extensions */ = {isa = PBXBuildFile; fileRef = 7D03433020F4BBBD0050B6A6 /* WatchKitApp Extension.appex */; settings = {ATTRIBUTES = (RemoveHeadersOnCopy, ); }; };
		7D03433620F4BBBD0050B6A6 /* InterfaceController.swift in Sources */ = {isa = PBXBuildFile; fileRef = 7D03433520F4BBBD0050B6A6 /* InterfaceController.swift */; };
		7D03433820F4BBBD0050B6A6 /* ExtensionDelegate.swift in Sources */ = {isa = PBXBuildFile; fileRef = 7D03433720F4BBBD0050B6A6 /* ExtensionDelegate.swift */; };
		7D03433A20F4BBBD0050B6A6 /* NotificationController.swift in Sources */ = {isa = PBXBuildFile; fileRef = 7D03433920F4BBBD0050B6A6 /* NotificationController.swift */; };
		7D03433C20F4BBBE0050B6A6 /* Assets.xcassets in Resources */ = {isa = PBXBuildFile; fileRef = 7D03433B20F4BBBE0050B6A6 /* Assets.xcassets */; };
		7D03434120F4BBBE0050B6A6 /* WatchKitApp.app in Embed Watch Content */ = {isa = PBXBuildFile; fileRef = 7D03432420F4BBBC0050B6A6 /* WatchKitApp.app */; };
/* End PBXBuildFile section */

/* Begin PBXContainerItemProxy section */
		7D03430420F4BA6C0050B6A6 /* PBXContainerItemProxy */ = {
			isa = PBXContainerItemProxy;
			containerPortal = 7D0342D020F4B5AD0050B6A6 /* Project object */;
			proxyType = 1;
			remoteGlobalIDString = 7D0342D720F4B5AD0050B6A6;
			remoteInfo = SubProject;
		};
		7D03433220F4BBBD0050B6A6 /* PBXContainerItemProxy */ = {
			isa = PBXContainerItemProxy;
			containerPortal = 7D0342D020F4B5AD0050B6A6 /* Project object */;
			proxyType = 1;
			remoteGlobalIDString = 7D03432F20F4BBBD0050B6A6;
			remoteInfo = "WatchKitApp Extension";
		};
		7D03433F20F4BBBE0050B6A6 /* PBXContainerItemProxy */ = {
			isa = PBXContainerItemProxy;
			containerPortal = 7D0342D020F4B5AD0050B6A6 /* Project object */;
			proxyType = 1;
			remoteGlobalIDString = 7D03432320F4BBBC0050B6A6;
			remoteInfo = WatchKitApp;
		};
/* End PBXContainerItemProxy section */

/* Begin PBXCopyFilesBuildPhase section */
		7D03434520F4BBBE0050B6A6 /* Embed App Extensions */ = {
			isa = PBXCopyFilesBuildPhase;
			buildActionMask = 2147483647;
			dstPath = "";
			dstSubfolderSpec = 13;
			files = (
				7D03433120F4BBBD0050B6A6 /* WatchKitApp Extension.appex in Embed App Extensions */,
			);
			name = "Embed App Extensions";
			runOnlyForDeploymentPostprocessing = 0;
		};
		7D03434920F4BBBE0050B6A6 /* Embed Watch Content */ = {
			isa = PBXCopyFilesBuildPhase;
			buildActionMask = 2147483647;
			dstPath = "$(CONTENTS_FOLDER_PATH)/Watch";
			dstSubfolderSpec = 16;
			files = (
				7D03434120F4BBBE0050B6A6 /* WatchKitApp.app in Embed Watch Content */,
			);
			name = "Embed Watch Content";
			runOnlyForDeploymentPostprocessing = 0;
		};
/* End PBXCopyFilesBuildPhase section */

/* Begin PBXFileReference section */
		7D0342D820F4B5AD0050B6A6 /* SubProject.app */ = {isa = PBXFileReference; explicitFileType = wrapper.application; includeInIndex = 0; path = SubProject.app; sourceTree = BUILT_PRODUCTS_DIR; };
		7D0342DB20F4B5AD0050B6A6 /* AppDelegate.swift */ = {isa = PBXFileReference; lastKnownFileType = sourcecode.swift; path = AppDelegate.swift; sourceTree = "<group>"; };
		7D0342DD20F4B5AD0050B6A6 /* ViewController.swift */ = {isa = PBXFileReference; lastKnownFileType = sourcecode.swift; path = ViewController.swift; sourceTree = "<group>"; };
		7D0342E020F4B5AD0050B6A6 /* Base */ = {isa = PBXFileReference; lastKnownFileType = file.storyboard; name = Base; path = Base.lproj/Main.storyboard; sourceTree = "<group>"; };
		7D0342E220F4B5AF0050B6A6 /* Assets.xcassets */ = {isa = PBXFileReference; lastKnownFileType = folder.assetcatalog; path = Assets.xcassets; sourceTree = "<group>"; };
		7D0342E520F4B5AF0050B6A6 /* Base */ = {isa = PBXFileReference; lastKnownFileType = file.storyboard; name = Base; path = Base.lproj/LaunchScreen.storyboard; sourceTree = "<group>"; };
		7D0342E720F4B5AF0050B6A6 /* Info.plist */ = {isa = PBXFileReference; lastKnownFileType = text.plist.xml; path = Info.plist; sourceTree = "<group>"; };
		7D0342FF20F4BA6C0050B6A6 /* SubProjectTests.xctest */ = {isa = PBXFileReference; explicitFileType = wrapper.cfbundle; includeInIndex = 0; path = SubProjectTests.xctest; sourceTree = BUILT_PRODUCTS_DIR; };
		7D03430120F4BA6C0050B6A6 /* SubProjectTests.swift */ = {isa = PBXFileReference; lastKnownFileType = sourcecode.swift; path = SubProjectTests.swift; sourceTree = "<group>"; };
		7D03430320F4BA6C0050B6A6 /* Info.plist */ = {isa = PBXFileReference; lastKnownFileType = text.plist.xml; path = Info.plist; sourceTree = "<group>"; };
		7D03432420F4BBBC0050B6A6 /* WatchKitApp.app */ = {isa = PBXFileReference; explicitFileType = wrapper.application; includeInIndex = 0; path = WatchKitApp.app; sourceTree = BUILT_PRODUCTS_DIR; };
		7D03432720F4BBBC0050B6A6 /* Base */ = {isa = PBXFileReference; lastKnownFileType = file.storyboard; name = Base; path = Base.lproj/Interface.storyboard; sourceTree = "<group>"; };
		7D03432920F4BBBD0050B6A6 /* Assets.xcassets */ = {isa = PBXFileReference; lastKnownFileType = folder.assetcatalog; path = Assets.xcassets; sourceTree = "<group>"; };
		7D03432B20F4BBBD0050B6A6 /* Info.plist */ = {isa = PBXFileReference; lastKnownFileType = text.plist.xml; path = Info.plist; sourceTree = "<group>"; };
		7D03433020F4BBBD0050B6A6 /* WatchKitApp Extension.appex */ = {isa = PBXFileReference; explicitFileType = "wrapper.app-extension"; includeInIndex = 0; path = "WatchKitApp Extension.appex"; sourceTree = BUILT_PRODUCTS_DIR; };
		7D03433520F4BBBD0050B6A6 /* InterfaceController.swift */ = {isa = PBXFileReference; lastKnownFileType = sourcecode.swift; path = InterfaceController.swift; sourceTree = "<group>"; };
		7D03433720F4BBBD0050B6A6 /* ExtensionDelegate.swift */ = {isa = PBXFileReference; lastKnownFileType = sourcecode.swift; path = ExtensionDelegate.swift; sourceTree = "<group>"; };
		7D03433920F4BBBD0050B6A6 /* NotificationController.swift */ = {isa = PBXFileReference; lastKnownFileType = sourcecode.swift; path = NotificationController.swift; sourceTree = "<group>"; };
		7D03433B20F4BBBE0050B6A6 /* Assets.xcassets */ = {isa = PBXFileReference; lastKnownFileType = folder.assetcatalog; path = Assets.xcassets; sourceTree = "<group>"; };
		7D03433D20F4BBBE0050B6A6 /* Info.plist */ = {isa = PBXFileReference; lastKnownFileType = text.plist.xml; path = Info.plist; sourceTree = "<group>"; };
		7D03433E20F4BBBE0050B6A6 /* PushNotificationPayload.apns */ = {isa = PBXFileReference; lastKnownFileType = text; path = PushNotificationPayload.apns; sourceTree = "<group>"; };
		7D03434A20F4BBD30050B6A6 /* WatchKitApp.entitlements */ = {isa = PBXFileReference; lastKnownFileType = text.plist.entitlements; path = WatchKitApp.entitlements; sourceTree = "<group>"; };
/* End PBXFileReference section */

/* Begin PBXFrameworksBuildPhase section */
		7D0342D520F4B5AD0050B6A6 /* Frameworks */ = {
			isa = PBXFrameworksBuildPhase;
			buildActionMask = 2147483647;
			files = (
			);
			runOnlyForDeploymentPostprocessing = 0;
		};
		7D0342FC20F4BA6C0050B6A6 /* Frameworks */ = {
			isa = PBXFrameworksBuildPhase;
			buildActionMask = 2147483647;
			files = (
			);
			runOnlyForDeploymentPostprocessing = 0;
		};
		7D03432D20F4BBBD0050B6A6 /* Frameworks */ = {
			isa = PBXFrameworksBuildPhase;
			buildActionMask = 2147483647;
			files = (
			);
			runOnlyForDeploymentPostprocessing = 0;
		};
/* End PBXFrameworksBuildPhase section */

/* Begin PBXGroup section */
		7D0342CF20F4B5AD0050B6A6 = {
			isa = PBXGroup;
			children = (
				7D0342DA20F4B5AD0050B6A6 /* SubProject */,
				7D03430020F4BA6C0050B6A6 /* SubProjectTests */,
				7D03432520F4BBBC0050B6A6 /* WatchKitApp */,
				7D03433420F4BBBD0050B6A6 /* WatchKitApp Extension */,
				7D0342D920F4B5AD0050B6A6 /* Products */,
			);
			sourceTree = "<group>";
		};
		7D0342D920F4B5AD0050B6A6 /* Products */ = {
			isa = PBXGroup;
			children = (
				7D0342D820F4B5AD0050B6A6 /* SubProject.app */,
				7D0342FF20F4BA6C0050B6A6 /* SubProjectTests.xctest */,
				7D03432420F4BBBC0050B6A6 /* WatchKitApp.app */,
				7D03433020F4BBBD0050B6A6 /* WatchKitApp Extension.appex */,
			);
			name = Products;
			sourceTree = "<group>";
		};
		7D0342DA20F4B5AD0050B6A6 /* SubProject */ = {
			isa = PBXGroup;
			children = (
				7D0342DB20F4B5AD0050B6A6 /* AppDelegate.swift */,
				7D0342DD20F4B5AD0050B6A6 /* ViewController.swift */,
				7D0342DF20F4B5AD0050B6A6 /* Main.storyboard */,
				7D0342E220F4B5AF0050B6A6 /* Assets.xcassets */,
				7D0342E420F4B5AF0050B6A6 /* LaunchScreen.storyboard */,
				7D0342E720F4B5AF0050B6A6 /* Info.plist */,
			);
			path = SubProject;
			sourceTree = "<group>";
		};
		7D03430020F4BA6C0050B6A6 /* SubProjectTests */ = {
			isa = PBXGroup;
			children = (
				7D03430120F4BA6C0050B6A6 /* SubProjectTests.swift */,
				7D03430320F4BA6C0050B6A6 /* Info.plist */,
			);
			path = SubProjectTests;
			sourceTree = "<group>";
		};
		7D03432520F4BBBC0050B6A6 /* WatchKitApp */ = {
			isa = PBXGroup;
			children = (
				7D03434A20F4BBD30050B6A6 /* WatchKitApp.entitlements */,
				7D03432620F4BBBC0050B6A6 /* Interface.storyboard */,
				7D03432920F4BBBD0050B6A6 /* Assets.xcassets */,
				7D03432B20F4BBBD0050B6A6 /* Info.plist */,
			);
			path = WatchKitApp;
			sourceTree = "<group>";
		};
		7D03433420F4BBBD0050B6A6 /* WatchKitApp Extension */ = {
			isa = PBXGroup;
			children = (
				7D03433520F4BBBD0050B6A6 /* InterfaceController.swift */,
				7D03433720F4BBBD0050B6A6 /* ExtensionDelegate.swift */,
				7D03433920F4BBBD0050B6A6 /* NotificationController.swift */,
				7D03433B20F4BBBE0050B6A6 /* Assets.xcassets */,
				7D03433D20F4BBBE0050B6A6 /* Info.plist */,
				7D03433E20F4BBBE0050B6A6 /* PushNotificationPayload.apns */,
			);
			path = "WatchKitApp Extension";
			sourceTree = "<group>";
		};
/* End PBXGroup section */

/* Begin PBXNativeTarget section */
		7D0342D720F4B5AD0050B6A6 /* SubProject */ = {
			isa = PBXNativeTarget;
			buildConfigurationList = 7D0342EA20F4B5AF0050B6A6 /* Build configuration list for PBXNativeTarget "SubProject" */;
			buildPhases = (
				7D0342D420F4B5AD0050B6A6 /* Sources */,
				7D0342D520F4B5AD0050B6A6 /* Frameworks */,
				7D0342D620F4B5AD0050B6A6 /* Resources */,
				7D03434920F4BBBE0050B6A6 /* Embed Watch Content */,
			);
			buildRules = (
			);
			dependencies = (
				7D03434020F4BBBE0050B6A6 /* PBXTargetDependency */,
			);
			name = SubProject;
			productName = SubProject;
			productReference = 7D0342D820F4B5AD0050B6A6 /* SubProject.app */;
			productType = "com.apple.product-type.application";
		};
		7D0342FE20F4BA6C0050B6A6 /* SubProjectTests */ = {
			isa = PBXNativeTarget;
			buildConfigurationList = 7D03430820F4BA6C0050B6A6 /* Build configuration list for PBXNativeTarget "SubProjectTests" */;
			buildPhases = (
				7D0342FB20F4BA6C0050B6A6 /* Sources */,
				7D0342FC20F4BA6C0050B6A6 /* Frameworks */,
				7D0342FD20F4BA6C0050B6A6 /* Resources */,
			);
			buildRules = (
			);
			dependencies = (
				7D03430520F4BA6C0050B6A6 /* PBXTargetDependency */,
			);
			name = SubProjectTests;
			productName = SubProjectTests;
			productReference = 7D0342FF20F4BA6C0050B6A6 /* SubProjectTests.xctest */;
			productType = "com.apple.product-type.bundle.unit-test";
		};
		7D03432320F4BBBC0050B6A6 /* WatchKitApp */ = {
			isa = PBXNativeTarget;
			buildConfigurationList = 7D03434620F4BBBE0050B6A6 /* Build configuration list for PBXNativeTarget "WatchKitApp" */;
			buildPhases = (
				7D03432220F4BBBC0050B6A6 /* Resources */,
				7D03434520F4BBBE0050B6A6 /* Embed App Extensions */,
			);
			buildRules = (
			);
			dependencies = (
				7D03433320F4BBBD0050B6A6 /* PBXTargetDependency */,
			);
			name = WatchKitApp;
			productName = WatchKitApp;
			productReference = 7D03432420F4BBBC0050B6A6 /* WatchKitApp.app */;
			productType = "com.apple.product-type.application.watchapp2";
		};
		7D03432F20F4BBBD0050B6A6 /* WatchKitApp Extension */ = {
			isa = PBXNativeTarget;
			buildConfigurationList = 7D03434220F4BBBE0050B6A6 /* Build configuration list for PBXNativeTarget "WatchKitApp Extension" */;
			buildPhases = (
				7D03432C20F4BBBD0050B6A6 /* Sources */,
				7D03432D20F4BBBD0050B6A6 /* Frameworks */,
				7D03432E20F4BBBD0050B6A6 /* Resources */,
			);
			buildRules = (
			);
			dependencies = (
			);
			name = "WatchKitApp Extension";
			productName = "WatchKitApp Extension";
			productReference = 7D03433020F4BBBD0050B6A6 /* WatchKitApp Extension.appex */;
			productType = "com.apple.product-type.watchkit2-extension";
		};
/* End PBXNativeTarget section */

/* Begin PBXProject section */
		7D0342D020F4B5AD0050B6A6 /* Project object */ = {
			isa = PBXProject;
			attributes = {
				LastSwiftUpdateCheck = 0940;
				LastUpgradeCheck = 0940;
				ORGANIZATIONNAME = Bitrise;
				TargetAttributes = {
					7D0342D720F4B5AD0050B6A6 = {
						CreatedOnToolsVersion = 9.4.1;
					};
					7D0342FE20F4BA6C0050B6A6 = {
						CreatedOnToolsVersion = 9.4.1;
						TestTargetID = 7D0342D720F4B5AD0050B6A6;
					};
					7D03432320F4BBBC0050B6A6 = {
						CreatedOnToolsVersion = 9.4.1;
						SystemCapabilities = {
							com.apple.ApplicationGroups.iOS = {
								enabled = 1;
							};
						};
					};
					7D03432F20F4BBBD0050B6A6 = {
						CreatedOnToolsVersion = 9.4.1;
					};
				};
			};
			buildConfigurationList = 7D0342D320F4B5AD0050B6A6 /* Build configuration list for PBXProject "SubProject" */;
			compatibilityVersion = "Xcode 9.3";
			developmentRegion = en;
			hasScannedForEncodings = 0;
			knownRegions = (
				en,
				Base,
			);
			mainGroup = 7D0342CF20F4B5AD0050B6A6;
			productRefGroup = 7D0342D920F4B5AD0050B6A6 /* Products */;
			projectDirPath = "";
			projectRoot = "";
			targets = (
				7D0342D720F4B5AD0050B6A6 /* SubProject */,
				7D0342FE20F4BA6C0050B6A6 /* SubProjectTests */,
				7D03432320F4BBBC0050B6A6 /* WatchKitApp */,
				7D03432F20F4BBBD0050B6A6 /* WatchKitApp Extension */,
			);
		};
/* End PBXProject section */

/* Begin PBXResourcesBuildPhase section */
		7D0342D620F4B5AD0050B6A6 /* Resources */ = {
			isa = PBXResourcesBuildPhase;
			buildActionMask = 2147483647;
			files = (
				7D0342E620F4B5AF0050B6A6 /* LaunchScreen.storyboard in Resources */,
				7D0342E320F4B5AF0050B6A6 /* Assets.xcassets in Resources */,
				7D0342E120F4B5AD0050B6A6 /* Main.storyboard in Resources */,
			);
			runOnlyForDeploymentPostprocessing = 0;
		};
		7D0342FD20F4BA6C0050B6A6 /* Resources */ = {
			isa = PBXResourcesBuildPhase;
			buildActionMask = 2147483647;
			files = (
			);
			runOnlyForDeploymentPostprocessing = 0;
		};
		7D03432220F4BBBC0050B6A6 /* Resources */ = {
			isa = PBXResourcesBuildPhase;
			buildActionMask = 2147483647;
			files = (
				7D03432A20F4BBBD0050B6A6 /* Assets.xcassets in Resources */,
				7D03432820F4BBBC0050B6A6 /* Interface.storyboard in Resources */,
			);
			runOnlyForDeploymentPostprocessing = 0;
		};
		7D03432E20F4BBBD0050B6A6 /* Resources */ = {
			isa = PBXResourcesBuildPhase;
			buildActionMask = 2147483647;
			files = (
				7D03433C20F4BBBE0050B6A6 /* Assets.xcassets in Resources */,
			);
			runOnlyForDeploymentPostprocessing = 0;
		};
/* End PBXResourcesBuildPhase section */

/* Begin PBXSourcesBuildPhase section */
		7D0342D420F4B5AD0050B6A6 /* Sources */ = {
			isa = PBXSourcesBuildPhase;
			buildActionMask = 2147483647;
			files = (
				7D0342DE20F4B5AD0050B6A6 /* ViewController.swift in Sources */,
				7D0342DC20F4B5AD0050B6A6 /* AppDelegate.swift in Sources */,
			);
			runOnlyForDeploymentPostprocessing = 0;
		};
		7D0342FB20F4BA6C0050B6A6 /* Sources */ = {
			isa = PBXSourcesBuildPhase;
			buildActionMask = 2147483647;
			files = (
				7D03430220F4BA6C0050B6A6 /* SubProjectTests.swift in Sources */,
			);
			runOnlyForDeploymentPostprocessing = 0;
		};
		7D03432C20F4BBBD0050B6A6 /* Sources */ = {
			isa = PBXSourcesBuildPhase;
			buildActionMask = 2147483647;
			files = (
				7D03433A20F4BBBD0050B6A6 /* NotificationController.swift in Sources */,
				7D03433820F4BBBD0050B6A6 /* ExtensionDelegate.swift in Sources */,
				7D03433620F4BBBD0050B6A6 /* InterfaceController.swift in Sources */,
			);
			runOnlyForDeploymentPostprocessing = 0;
		};
/* End PBXSourcesBuildPhase section */

/* Begin PBXTargetDependency section */
		7D03430520F4BA6C0050B6A6 /* PBXTargetDependency */ = {
			isa = PBXTargetDependency;
			target = 7D0342D720F4B5AD0050B6A6 /* SubProject */;
			targetProxy = 7D03430420F4BA6C0050B6A6 /* PBXContainerItemProxy */;
		};
		7D03433320F4BBBD0050B6A6 /* PBXTargetDependency */ = {
			isa = PBXTargetDependency;
			target = 7D03432F20F4BBBD0050B6A6 /* WatchKitApp Extension */;
			targetProxy = 7D03433220F4BBBD0050B6A6 /* PBXContainerItemProxy */;
		};
		7D03434020F4BBBE0050B6A6 /* PBXTargetDependency */ = {
			isa = PBXTargetDependency;
			target = 7D03432320F4BBBC0050B6A6 /* WatchKitApp */;
			targetProxy = 7D03433F20F4BBBE0050B6A6 /* PBXContainerItemProxy */;
		};
/* End PBXTargetDependency section */

/* Begin PBXVariantGroup section */
		7D0342DF20F4B5AD0050B6A6 /* Main.storyboard */ = {
			isa = PBXVariantGroup;
			children = (
				7D0342E020F4B5AD0050B6A6 /* Base */,
			);
			name = Main.storyboard;
			sourceTree = "<group>";
		};
		7D0342E420F4B5AF0050B6A6 /* LaunchScreen.storyboard */ = {
			isa = PBXVariantGroup;
			children = (
				7D0342E520F4B5AF0050B6A6 /* Base */,
			);
			name = LaunchScreen.storyboard;
			sourceTree = "<group>";
		};
		7D03432620F4BBBC0050B6A6 /* Interface.storyboard */ = {
			isa = PBXVariantGroup;
			children = (
				7D03432720F4BBBC0050B6A6 /* Base */,
			);
			name = Interface.storyboard;
			sourceTree = "<group>";
		};
/* End PBXVariantGroup section */

/* Begin XCBuildConfiguration section */
		7D0342E820F4B5AF0050B6A6 /* Debug */ = {
			isa = XCBuildConfiguration;
			buildSettings = {
				ALWAYS_SEARCH_USER_PATHS = NO;
				CLANG_ANALYZER_NONNULL = YES;
				CLANG_ANALYZER_NUMBER_OBJECT_CONVERSION = YES_AGGRESSIVE;
				CLANG_CXX_LANGUAGE_STANDARD = "gnu++14";
				CLANG_CXX_LIBRARY = "libc++";
				CLANG_ENABLE_MODULES = YES;
				CLANG_ENABLE_OBJC_ARC = YES;
				CLANG_ENABLE_OBJC_WEAK = YES;
				CLANG_WARN_BLOCK_CAPTURE_AUTORELEASING = YES;
				CLANG_WARN_BOOL_CONVERSION = YES;
				CLANG_WARN_COMMA = YES;
				CLANG_WARN_CONSTANT_CONVERSION = YES;
				CLANG_WARN_DEPRECATED_OBJC_IMPLEMENTATIONS = YES;
				CLANG_WARN_DIRECT_OBJC_ISA_USAGE = YES_ERROR;
				CLANG_WARN_DOCUMENTATION_COMMENTS = YES;
				CLANG_WARN_EMPTY_BODY = YES;
				CLANG_WARN_ENUM_CONVERSION = YES;
				CLANG_WARN_INFINITE_RECURSION = YES;
				CLANG_WARN_INT_CONVERSION = YES;
				CLANG_WARN_NON_LITERAL_NULL_CONVERSION = YES;
				CLANG_WARN_OBJC_IMPLICIT_RETAIN_SELF = YES;
				CLANG_WARN_OBJC_LITERAL_CONVERSION = YES;
				CLANG_WARN_OBJC_ROOT_CLASS = YES_ERROR;
				CLANG_WARN_RANGE_LOOP_ANALYSIS = YES;
				CLANG_WARN_STRICT_PROTOTYPES = YES;
				CLANG_WARN_SUSPICIOUS_MOVE = YES;
				CLANG_WARN_UNGUARDED_AVAILABILITY = YES_AGGRESSIVE;
				CLANG_WARN_UNREACHABLE_CODE = YES;
				CLANG_WARN__DUPLICATE_METHOD_MATCH = YES;
				CODE_SIGN_IDENTITY = "iPhone Developer";
				COPY_PHASE_STRIP = NO;
				DEBUG_INFORMATION_FORMAT = dwarf;
				ENABLE_STRICT_OBJC_MSGSEND = YES;
				ENABLE_TESTABILITY = YES;
				GCC_C_LANGUAGE_STANDARD = gnu11;
				GCC_DYNAMIC_NO_PIC = NO;
				GCC_NO_COMMON_BLOCKS = YES;
				GCC_OPTIMIZATION_LEVEL = 0;
				GCC_PREPROCESSOR_DEFINITIONS = (
					"DEBUG=1",
					"$(inherited)",
				);
				GCC_WARN_64_TO_32_BIT_CONVERSION = YES;
				GCC_WARN_ABOUT_RETURN_TYPE = YES_ERROR;
				GCC_WARN_UNDECLARED_SELECTOR = YES;
				GCC_WARN_UNINITIALIZED_AUTOS = YES_AGGRESSIVE;
				GCC_WARN_UNUSED_FUNCTION = YES;
				GCC_WARN_UNUSED_VARIABLE = YES;
				IPHONEOS_DEPLOYMENT_TARGET = 11.4;
				MTL_ENABLE_DEBUG_INFO = YES;
				ONLY_ACTIVE_ARCH = YES;
				SDKROOT = iphoneos;
				SWIFT_ACTIVE_COMPILATION_CONDITIONS = DEBUG;
				SWIFT_OPTIMIZATION_LEVEL = "-Onone";
			};
			name = Debug;
		};
		7D0342E920F4B5AF0050B6A6 /* Release */ = {
			isa = XCBuildConfiguration;
			buildSettings = {
				ALWAYS_SEARCH_USER_PATHS = NO;
				CLANG_ANALYZER_NONNULL = YES;
				CLANG_ANALYZER_NUMBER_OBJECT_CONVERSION = YES_AGGRESSIVE;
				CLANG_CXX_LANGUAGE_STANDARD = "gnu++14";
				CLANG_CXX_LIBRARY = "libc++";
				CLANG_ENABLE_MODULES = YES;
				CLANG_ENABLE_OBJC_ARC = YES;
				CLANG_ENABLE_OBJC_WEAK = YES;
				CLANG_WARN_BLOCK_CAPTURE_AUTORELEASING = YES;
				CLANG_WARN_BOOL_CONVERSION = YES;
				CLANG_WARN_COMMA = YES;
				CLANG_WARN_CONSTANT_CONVERSION = YES;
				CLANG_WARN_DEPRECATED_OBJC_IMPLEMENTATIONS = YES;
				CLANG_WARN_DIRECT_OBJC_ISA_USAGE = YES_ERROR;
				CLANG_WARN_DOCUMENTATION_COMMENTS = YES;
				CLANG_WARN_EMPTY_BODY = YES;
				CLANG_WARN_ENUM_CONVERSION = YES;
				CLANG_WARN_INFINITE_RECURSION = YES;
				CLANG_WARN_INT_CONVERSION = YES;
				CLANG_WARN_NON_LITERAL_NULL_CONVERSION = YES;
				CLANG_WARN_OBJC_IMPLICIT_RETAIN_SELF = YES;
				CLANG_WARN_OBJC_LITERAL_CONVERSION = YES;
				CLANG_WARN_OBJC_ROOT_CLASS = YES_ERROR;
				CLANG_WARN_RANGE_LOOP_ANALYSIS = YES;
				CLANG_WARN_STRICT_PROTOTYPES = YES;
				CLANG_WARN_SUSPICIOUS_MOVE = YES;
				CLANG_WARN_UNGUARDED_AVAILABILITY = YES_AGGRESSIVE;
				CLANG_WARN_UNREACHABLE_CODE = YES;
				CLANG_WARN__DUPLICATE_METHOD_MATCH = YES;
				CODE_SIGN_IDENTITY = "iPhone Developer";
				COPY_PHASE_STRIP = NO;
				DEBUG_INFORMATION_FORMAT = "dwarf-with-dsym";
				ENABLE_NS_ASSERTIONS = NO;
				ENABLE_STRICT_OBJC_MSGSEND = YES;
				GCC_C_LANGUAGE_STANDARD = gnu11;
				GCC_NO_COMMON_BLOCKS = YES;
				GCC_WARN_64_TO_32_BIT_CONVERSION = YES;
				GCC_WARN_ABOUT_RETURN_TYPE = YES_ERROR;
				GCC_WARN_UNDECLARED_SELECTOR = YES;
				GCC_WARN_UNINITIALIZED_AUTOS = YES_AGGRESSIVE;
				GCC_WARN_UNUSED_FUNCTION = YES;
				GCC_WARN_UNUSED_VARIABLE = YES;
				IPHONEOS_DEPLOYMENT_TARGET = 11.4;
				MTL_ENABLE_DEBUG_INFO = NO;
				SDKROOT = iphoneos;
				SWIFT_COMPILATION_MODE = wholemodule;
				SWIFT_OPTIMIZATION_LEVEL = "-O";
				VALIDATE_PRODUCT = YES;
			};
			name = Release;
		};
		7D0342EB20F4B5AF0050B6A6 /* Debug */ = {
			isa = XCBuildConfiguration;
			buildSettings = {
				ASSETCATALOG_COMPILER_APPICON_NAME = AppIcon;
				CODE_SIGN_STYLE = Automatic;
				DEVELOPMENT_TEAM = 72SA8V3WYL;
				INFOPLIST_FILE = SubProject/Info.plist;
				LD_RUNPATH_SEARCH_PATHS = (
					"$(inherited)",
					"@executable_path/Frameworks",
				);
				PRODUCT_BUNDLE_IDENTIFIER = com.bitrise.SubProject;
				PRODUCT_NAME = "$(TARGET_NAME)";
				SWIFT_VERSION = 4.0;
				TARGETED_DEVICE_FAMILY = "1,2";
			};
			name = Debug;
		};
		7D0342EC20F4B5AF0050B6A6 /* Release */ = {
			isa = XCBuildConfiguration;
			buildSettings = {
				ASSETCATALOG_COMPILER_APPICON_NAME = AppIcon;
				CODE_SIGN_STYLE = Automatic;
				DEVELOPMENT_TEAM = 72SA8V3WYL;
				INFOPLIST_FILE = SubProject/Info.plist;
				LD_RUNPATH_SEARCH_PATHS = (
					"$(inherited)",
					"@executable_path/Frameworks",
				);
				PRODUCT_BUNDLE_IDENTIFIER = com.bitrise.SubProject;
				PRODUCT_NAME = "$(TARGET_NAME)";
				SWIFT_VERSION = 4.0;
				TARGETED_DEVICE_FAMILY = "1,2";
			};
			name = Release;
		};
		7D03430620F4BA6C0050B6A6 /* Debug */ = {
			isa = XCBuildConfiguration;
			buildSettings = {
				BUNDLE_LOADER = "$(TEST_HOST)";
				CODE_SIGN_STYLE = Automatic;
				DEVELOPMENT_TEAM = 72SA8V3WYL;
				INFOPLIST_FILE = SubProjectTests/Info.plist;
				LD_RUNPATH_SEARCH_PATHS = (
					"$(inherited)",
					"@executable_path/Frameworks",
					"@loader_path/Frameworks",
				);
				PRODUCT_BUNDLE_IDENTIFIER = com.bitrise.SubProjectTests;
				PRODUCT_NAME = "$(TARGET_NAME)";
				SWIFT_VERSION = 4.0;
				TARGETED_DEVICE_FAMILY = "1,2";
				TEST_HOST = "$(BUILT_PRODUCTS_DIR)/SubProject.app/SubProject";
			};
			name = Debug;
		};
		7D03430720F4BA6C0050B6A6 /* Release */ = {
			isa = XCBuildConfiguration;
			buildSettings = {
				BUNDLE_LOADER = "$(TEST_HOST)";
				CODE_SIGN_STYLE = Automatic;
				DEVELOPMENT_TEAM = 72SA8V3WYL;
				INFOPLIST_FILE = SubProjectTests/Info.plist;
				LD_RUNPATH_SEARCH_PATHS = (
					"$(inherited)",
					"@executable_path/Frameworks",
					"@loader_path/Frameworks",
				);
				PRODUCT_BUNDLE_IDENTIFIER = com.bitrise.SubProjectTests;
				PRODUCT_NAME = "$(TARGET_NAME)";
				SWIFT_VERSION = 4.0;
				TARGETED_DEVICE_FAMILY = "1,2";
				TEST_HOST = "$(BUILT_PRODUCTS_DIR)/SubProject.app/SubProject";
			};
			name = Release;
		};
		7D03434320F4BBBE0050B6A6 /* Debug */ = {
			isa = XCBuildConfiguration;
			buildSettings = {
				ASSETCATALOG_COMPILER_COMPLICATION_NAME = Complication;
				CODE_SIGN_STYLE = Automatic;
				DEVELOPMENT_TEAM = 72SA8V3WYL;
				INFOPLIST_FILE = "WatchKitApp Extension/Info.plist";
				LD_RUNPATH_SEARCH_PATHS = (
					"$(inherited)",
					"@executable_path/Frameworks",
					"@executable_path/../../Frameworks",
				);
				PRODUCT_BUNDLE_IDENTIFIER = com.bitrise.SubProject.watchkitapp.watchkitextension;
				PRODUCT_NAME = "${TARGET_NAME}";
				SDKROOT = watchos;
				SKIP_INSTALL = YES;
				SWIFT_VERSION = 4.0;
				TARGETED_DEVICE_FAMILY = 4;
				WATCHOS_DEPLOYMENT_TARGET = 4.3;
			};
			name = Debug;
		};
		7D03434420F4BBBE0050B6A6 /* Release */ = {
			isa = XCBuildConfiguration;
			buildSettings = {
				ASSETCATALOG_COMPILER_COMPLICATION_NAME = Complication;
				CODE_SIGN_STYLE = Automatic;
				DEVELOPMENT_TEAM = 72SA8V3WYL;
				INFOPLIST_FILE = "WatchKitApp Extension/Info.plist";
				LD_RUNPATH_SEARCH_PATHS = (
					"$(inherited)",
					"@executable_path/Frameworks",
					"@executable_path/../../Frameworks",
				);
				PRODUCT_BUNDLE_IDENTIFIER = com.bitrise.SubProject.watchkitapp.watchkitextension;
				PRODUCT_NAME = "${TARGET_NAME}";
				SDKROOT = watchos;
				SKIP_INSTALL = YES;
				SWIFT_VERSION = 4.0;
				TARGETED_DEVICE_FAMILY = 4;
				WATCHOS_DEPLOYMENT_TARGET = 4.3;
			};
			name = Release;
		};
		7D03434720F4BBBE0050B6A6 /* Debug */ = {
			isa = XCBuildConfiguration;
			buildSettings = {
				ALWAYS_EMBED_SWIFT_STANDARD_LIBRARIES = YES;
				ASSETCATALOG_COMPILER_APPICON_NAME = AppIcon;
				CODE_SIGN_ENTITLEMENTS = WatchKitApp/WatchKitApp.entitlements;
				CODE_SIGN_STYLE = Automatic;
				DEVELOPMENT_TEAM = 72SA8V3WYL;
				IBSC_MODULE = WatchKitApp_Extension;
				INFOPLIST_FILE = WatchKitApp/Info.plist;
				PRODUCT_BUNDLE_IDENTIFIER = com.bitrise.SubProject.watchkitapp;
				PRODUCT_NAME = "$(TARGET_NAME)";
				SDKROOT = watchos;
				SKIP_INSTALL = YES;
				SWIFT_VERSION = 4.0;
				TARGETED_DEVICE_FAMILY = 4;
				WATCHOS_DEPLOYMENT_TARGET = 4.3;
			};
			name = Debug;
		};
		7D03434820F4BBBE0050B6A6 /* Release */ = {
			isa = XCBuildConfiguration;
			buildSettings = {
				ALWAYS_EMBED_SWIFT_STANDARD_LIBRARIES = YES;
				ASSETCATALOG_COMPILER_APPICON_NAME = AppIcon;
				CODE_SIGN_ENTITLEMENTS = WatchKitApp/WatchKitApp.entitlements;
				CODE_SIGN_STYLE = Automatic;
				DEVELOPMENT_TEAM = 72SA8V3WYL;
				IBSC_MODULE = WatchKitApp_Extension;
				INFOPLIST_FILE = WatchKitApp/Info.plist;
				PRODUCT_BUNDLE_IDENTIFIER = com.bitrise.SubProject.watchkitapp;
				PRODUCT_NAME = "$(TARGET_NAME)";
				SDKROOT = watchos;
				SKIP_INSTALL = YES;
				SWIFT_VERSION = 4.0;
				TARGETED_DEVICE_FAMILY = 4;
				WATCHOS_DEPLOYMENT_TARGET = 4.3;
			};
			name = Release;
		};
/* End XCBuildConfiguration section */

/* Begin XCConfigurationList section */
		7D0342D320F4B5AD0050B6A6 /* Build configuration list for PBXProject "SubProject" */ = {
			isa = XCConfigurationList;
			buildConfigurations = (
				7D0342E820F4B5AF0050B6A6 /* Debug */,
				7D0342E920F4B5AF0050B6A6 /* Release */,
			);
			defaultConfigurationIsVisible = 0;
			defaultConfigurationName = Release;
		};
		7D0342EA20F4B5AF0050B6A6 /* Build configuration list for PBXNativeTarget "SubProject" */ = {
			isa = XCConfigurationList;
			buildConfigurations = (
				7D0342EB20F4B5AF0050B6A6 /* Debug */,
				7D0342EC20F4B5AF0050B6A6 /* Release */,
			);
			defaultConfigurationIsVisible = 0;
			defaultConfigurationName = Release;
		};
		7D03430820F4BA6C0050B6A6 /* Build configuration list for PBXNativeTarget "SubProjectTests" */ = {
			isa = XCConfigurationList;
			buildConfigurations = (
				7D03430620F4BA6C0050B6A6 /* Debug */,
				7D03430720F4BA6C0050B6A6 /* Release */,
			);
			defaultConfigurationIsVisible = 0;
			defaultConfigurationName = Release;
		};
		7D03434220F4BBBE0050B6A6 /* Build configuration list for PBXNativeTarget "WatchKitApp Extension" */ = {
			isa = XCConfigurationList;
			buildConfigurations = (
				7D03434320F4BBBE0050B6A6 /* Debug */,
				7D03434420F4BBBE0050B6A6 /* Release */,
			);
			defaultConfigurationIsVisible = 0;
			defaultConfigurationName = Release;
		};
		7D03434620F4BBBE0050B6A6 /* Build configuration list for PBXNativeTarget "WatchKitApp" */ = {
			isa = XCConfigurationList;
			buildConfigurations = (
				7D03434720F4BBBE0050B6A6 /* Debug */,
				7D03434820F4BBBE0050B6A6 /* Release */,
			);
			defaultConfigurationIsVisible = 0;
			defaultConfigurationName = Release;
		};
/* End XCConfigurationList section */
	};
	rootObject = 7D0342D020F4B5AD0050B6A6 /* Project object */;
}
